// !$*UTF8*$!
{
	archiveVersion = 1;
	classes = {
	};
	objectVersion = 46;
	objects = {

/* Begin PBXBuildFile section */
		3D37F8E31D0AD417009E18A9 /* QQLrcCell.swift in Sources */ = {isa = PBXBuildFile; fileRef = 3D37F8E11D0AD417009E18A9 /* QQLrcCell.swift */; };
		3D37F8E41D0AD417009E18A9 /* QQLrcCell.xib in Resources */ = {isa = PBXBuildFile; fileRef = 3D37F8E21D0AD417009E18A9 /* QQLrcCell.xib */; };
		3D37F8E61D0ADEAF009E18A9 /* QQImageTool.swift in Sources */ = {isa = PBXBuildFile; fileRef = 3D37F8E51D0ADEAF009E18A9 /* QQImageTool.swift */; };
		3D4EA7731D13889200524707 /* bb@2x.jpg in Resources */ = {isa = PBXBuildFile; fileRef = 3D4EA7481D13889200524707 /* bb@2x.jpg */; };
		3D4EA7741D13889200524707 /* bb_icon@2x.jpg in Resources */ = {isa = PBXBuildFile; fileRef = 3D4EA7491D13889200524707 /* bb_icon@2x.jpg */; };
		3D4EA7751D13889200524707 /* dzq@2x.jpg in Resources */ = {isa = PBXBuildFile; fileRef = 3D4EA74A1D13889200524707 /* dzq@2x.jpg */; };
		3D4EA7761D13889200524707 /* dzq_icon@2x.jpg in Resources */ = {isa = PBXBuildFile; fileRef = 3D4EA74B1D13889200524707 /* dzq_icon@2x.jpg */; };
		3D4EA7771D13889200524707 /* eason@2x.jpg in Resources */ = {isa = PBXBuildFile; fileRef = 3D4EA74C1D13889200524707 /* eason@2x.jpg */; };
		3D4EA7781D13889200524707 /* eason_icon@2x.jpg in Resources */ = {isa = PBXBuildFile; fileRef = 3D4EA74D1D13889200524707 /* eason_icon@2x.jpg */; };
		3D4EA7791D13889200524707 /* jay@2x.jpg in Resources */ = {isa = PBXBuildFile; fileRef = 3D4EA74E1D13889200524707 /* jay@2x.jpg */; };
		3D4EA77A1D13889200524707 /* jay_icon@2x.png in Resources */ = {isa = PBXBuildFile; fileRef = 3D4EA74F1D13889200524707 /* jay_icon@2x.png */; };
		3D4EA77B1D13889200524707 /* jj@2x.jpg in Resources */ = {isa = PBXBuildFile; fileRef = 3D4EA7501D13889200524707 /* jj@2x.jpg */; };
		3D4EA77C1D13889200524707 /* jj_icon@2x.png in Resources */ = {isa = PBXBuildFile; fileRef = 3D4EA7511D13889200524707 /* jj_icon@2x.png */; };
		3D4EA77D1D13889200524707 /* kzxd@2x.jpg in Resources */ = {isa = PBXBuildFile; fileRef = 3D4EA7521D13889200524707 /* kzxd@2x.jpg */; };
		3D4EA77E1D13889200524707 /* kzxd_icon@2x.jpg in Resources */ = {isa = PBXBuildFile; fileRef = 3D4EA7531D13889200524707 /* kzxd_icon@2x.jpg */; };
		3D4EA77F1D13889200524707 /* lkq@2x.jpg in Resources */ = {isa = PBXBuildFile; fileRef = 3D4EA7541D13889200524707 /* lkq@2x.jpg */; };
		3D4EA7801D13889200524707 /* lkq_icon@2x.jpg in Resources */ = {isa = PBXBuildFile; fileRef = 3D4EA7551D13889200524707 /* lkq_icon@2x.jpg */; };
		3D4EA7811D13889200524707 /* nanquan@2x.jpg in Resources */ = {isa = PBXBuildFile; fileRef = 3D4EA7561D13889200524707 /* nanquan@2x.jpg */; };
		3D4EA7821D13889200524707 /* nanquan_icon@2x.jpg in Resources */ = {isa = PBXBuildFile; fileRef = 3D4EA7571D13889200524707 /* nanquan_icon@2x.jpg */; };
		3D4EA7831D13889200524707 /* wf@2x.jpg in Resources */ = {isa = PBXBuildFile; fileRef = 3D4EA7581D13889200524707 /* wf@2x.jpg */; };
		3D4EA7841D13889200524707 /* wf_icon@2x.jpg in Resources */ = {isa = PBXBuildFile; fileRef = 3D4EA7591D13889200524707 /* wf_icon@2x.jpg */; };
		3D4EA7851D13889200524707 /* zxy@2x.jpg in Resources */ = {isa = PBXBuildFile; fileRef = 3D4EA75A1D13889200524707 /* zxy@2x.jpg */; };
		3D4EA7861D13889200524707 /* zxy_icon@2x.jpg in Resources */ = {isa = PBXBuildFile; fileRef = 3D4EA75B1D13889200524707 /* zxy_icon@2x.jpg */; };
		3D4EA7871D13889200524707 /* 10405520.lrc in Resources */ = {isa = PBXBuildFile; fileRef = 3D4EA75D1D13889200524707 /* 10405520.lrc */; };
		3D4EA7881D13889200524707 /* 10736444.lrc in Resources */ = {isa = PBXBuildFile; fileRef = 3D4EA75E1D13889200524707 /* 10736444.lrc */; };
		3D4EA7891D13889200524707 /* 120125029.lrc in Resources */ = {isa = PBXBuildFile; fileRef = 3D4EA75F1D13889200524707 /* 120125029.lrc */; };
		3D4EA78A1D13889200524707 /* 12309111.lrc in Resources */ = {isa = PBXBuildFile; fileRef = 3D4EA7601D13889200524707 /* 12309111.lrc */; };
		3D4EA78B1D13889200524707 /* 14945107.lrc in Resources */ = {isa = PBXBuildFile; fileRef = 3D4EA7611D13889200524707 /* 14945107.lrc */; };
		3D4EA78C1D13889200524707 /* 235319.lrc in Resources */ = {isa = PBXBuildFile; fileRef = 3D4EA7621D13889200524707 /* 235319.lrc */; };
		3D4EA78D1D13889200524707 /* 255319.lrc in Resources */ = {isa = PBXBuildFile; fileRef = 3D4EA7631D13889200524707 /* 255319.lrc */; };
		3D4EA78E1D13889200524707 /* 309769.lrc in Resources */ = {isa = PBXBuildFile; fileRef = 3D4EA7641D13889200524707 /* 309769.lrc */; };
		3D4EA78F1D13889200524707 /* 339744.lrc in Resources */ = {isa = PBXBuildFile; fileRef = 3D4EA7651D13889200524707 /* 339744.lrc */; };
		3D4EA7901D13889200524707 /* 月半小夜曲.lrc in Resources */ = {isa = PBXBuildFile; fileRef = 3D4EA7661D13889200524707 /* 月半小夜曲.lrc */; };
		3D4EA7911D13889200524707 /* 10405520.mp3 in Resources */ = {isa = PBXBuildFile; fileRef = 3D4EA7681D13889200524707 /* 10405520.mp3 */; };
		3D4EA7921D13889200524707 /* 10736444.mp3 in Resources */ = {isa = PBXBuildFile; fileRef = 3D4EA7691D13889200524707 /* 10736444.mp3 */; };
		3D4EA7931D13889200524707 /* 1201111234.mp3 in Resources */ = {isa = PBXBuildFile; fileRef = 3D4EA76A1D13889200524707 /* 1201111234.mp3 */; };
		3D4EA7941D13889200524707 /* 120125029.mp3 in Resources */ = {isa = PBXBuildFile; fileRef = 3D4EA76B1D13889200524707 /* 120125029.mp3 */; };
		3D4EA7951D13889200524707 /* 12309111.mp3 in Resources */ = {isa = PBXBuildFile; fileRef = 3D4EA76C1D13889200524707 /* 12309111.mp3 */; };
		3D4EA7961D13889200524707 /* 14945107.mp3 in Resources */ = {isa = PBXBuildFile; fileRef = 3D4EA76D1D13889200524707 /* 14945107.mp3 */; };
		3D4EA7971D13889200524707 /* 235319.mp3 in Resources */ = {isa = PBXBuildFile; fileRef = 3D4EA76E1D13889200524707 /* 235319.mp3 */; };
		3D4EA7981D13889200524707 /* 255319.mp3 in Resources */ = {isa = PBXBuildFile; fileRef = 3D4EA76F1D13889200524707 /* 255319.mp3 */; };
		3D4EA7991D13889200524707 /* 309769.mp3 in Resources */ = {isa = PBXBuildFile; fileRef = 3D4EA7701D13889200524707 /* 309769.mp3 */; };
		3D4EA79A1D13889200524707 /* 339744.mp3 in Resources */ = {isa = PBXBuildFile; fileRef = 3D4EA7711D13889200524707 /* 339744.mp3 */; };
		3D4EA79B1D13889200524707 /* Musics.plist in Resources */ = {isa = PBXBuildFile; fileRef = 3D4EA7721D13889200524707 /* Musics.plist */; };
		3D69A7571D096CEB000FA4D0 /* AppDelegate.swift in Sources */ = {isa = PBXBuildFile; fileRef = 3D69A74C1D096CEB000FA4D0 /* AppDelegate.swift */; };
		3D69A75B1D096D9F000FA4D0 /* QQDeatilVC.swift in Sources */ = {isa = PBXBuildFile; fileRef = 3D69A75A1D096D9F000FA4D0 /* QQDeatilVC.swift */; };
		3D69A75D1D096DDC000FA4D0 /* QQMusicListTVC.swift in Sources */ = {isa = PBXBuildFile; fileRef = 3D69A75C1D096DDC000FA4D0 /* QQMusicListTVC.swift */; };
		3D69A7B81D096F91000FA4D0 /* QQMusicDataTool.swift in Sources */ = {isa = PBXBuildFile; fileRef = 3D69A7B71D096F91000FA4D0 /* QQMusicDataTool.swift */; };
		3D69A7BB1D096FCE000FA4D0 /* QQMusicModel.swift in Sources */ = {isa = PBXBuildFile; fileRef = 3D69A7BA1D096FCE000FA4D0 /* QQMusicModel.swift */; };
		3D69A7BE1D097308000FA4D0 /* QQMusicCell.swift in Sources */ = {isa = PBXBuildFile; fileRef = 3D69A7BC1D097308000FA4D0 /* QQMusicCell.swift */; };
		3D69A7BF1D097308000FA4D0 /* QQMusicCell.xib in Resources */ = {isa = PBXBuildFile; fileRef = 3D69A7BD1D097308000FA4D0 /* QQMusicCell.xib */; };
		3D69A7C11D097412000FA4D0 /* UIView+Extension.swift in Sources */ = {isa = PBXBuildFile; fileRef = 3D69A7C01D097412000FA4D0 /* UIView+Extension.swift */; };
		3D69A7C31D097B30000FA4D0 /* QQMusicTool.swift in Sources */ = {isa = PBXBuildFile; fileRef = 3D69A7C21D097B30000FA4D0 /* QQMusicTool.swift */; };
		3D69A7C51D097C13000FA4D0 /* QQMusicOperationTool.swift in Sources */ = {isa = PBXBuildFile; fileRef = 3D69A7C41D097C13000FA4D0 /* QQMusicOperationTool.swift */; };
		3D69A7C71D09A473000FA4D0 /* QQMusicMessageModel.swift in Sources */ = {isa = PBXBuildFile; fileRef = 3D69A7C61D09A473000FA4D0 /* QQMusicMessageModel.swift */; };
		3D69A7C91D09A4A8000FA4D0 /* QQTimeTool.swift in Sources */ = {isa = PBXBuildFile; fileRef = 3D69A7C81D09A4A8000FA4D0 /* QQTimeTool.swift */; };
		3D69A7CB1D09AE0F000FA4D0 /* CALayer+sz.swift in Sources */ = {isa = PBXBuildFile; fileRef = 3D69A7CA1D09AE0F000FA4D0 /* CALayer+sz.swift */; };
		3D69A7CD1D09AF41000FA4D0 /* QQLrcModel.swift in Sources */ = {isa = PBXBuildFile; fileRef = 3D69A7CC1D09AF41000FA4D0 /* QQLrcModel.swift */; };
		3D69A7CF1D09B228000FA4D0 /* QQLrcTVC.swift in Sources */ = {isa = PBXBuildFile; fileRef = 3D69A7CE1D09B228000FA4D0 /* QQLrcTVC.swift */; };
		3D69A7D11D09BF7F000FA4D0 /* QQLrcLabel.swift in Sources */ = {isa = PBXBuildFile; fileRef = 3D69A7D01D09BF7F000FA4D0 /* QQLrcLabel.swift */; };
		3DA0C37F1D06DFB500585BFA /* Main.storyboard in Resources */ = {isa = PBXBuildFile; fileRef = 3DA0C37D1D06DFB500585BFA /* Main.storyboard */; };
		3DA0C3811D06DFB500585BFA /* Assets.xcassets in Resources */ = {isa = PBXBuildFile; fileRef = 3DA0C3801D06DFB500585BFA /* Assets.xcassets */; };
		3DA0C3841D06DFB500585BFA /* LaunchScreen.storyboard in Resources */ = {isa = PBXBuildFile; fileRef = 3DA0C3821D06DFB500585BFA /* LaunchScreen.storyboard */; };
/* End PBXBuildFile section */

/* Begin PBXFileReference section */
		3D37F8E11D0AD417009E18A9 /* QQLrcCell.swift */ = {isa = PBXFileReference; fileEncoding = 4; lastKnownFileType = sourcecode.swift; path = QQLrcCell.swift; sourceTree = "<group>"; };
		3D37F8E21D0AD417009E18A9 /* QQLrcCell.xib */ = {isa = PBXFileReference; fileEncoding = 4; lastKnownFileType = file.xib; path = QQLrcCell.xib; sourceTree = "<group>"; };
		3D37F8E51D0ADEAF009E18A9 /* QQImageTool.swift */ = {isa = PBXFileReference; fileEncoding = 4; lastKnownFileType = sourcecode.swift; path = QQImageTool.swift; sourceTree = "<group>"; };
		3D4EA7481D13889200524707 /* bb@2x.jpg */ = {isa = PBXFileReference; lastKnownFileType = image.jpeg; path = "bb@2x.jpg"; sourceTree = "<group>"; };
		3D4EA7491D13889200524707 /* bb_icon@2x.jpg */ = {isa = PBXFileReference; lastKnownFileType = image.jpeg; path = "bb_icon@2x.jpg"; sourceTree = "<group>"; };
		3D4EA74A1D13889200524707 /* dzq@2x.jpg */ = {isa = PBXFileReference; lastKnownFileType = image.jpeg; path = "dzq@2x.jpg"; sourceTree = "<group>"; };
		3D4EA74B1D13889200524707 /* dzq_icon@2x.jpg */ = {isa = PBXFileReference; lastKnownFileType = image.jpeg; path = "dzq_icon@2x.jpg"; sourceTree = "<group>"; };
		3D4EA74C1D13889200524707 /* eason@2x.jpg */ = {isa = PBXFileReference; lastKnownFileType = image.jpeg; path = "eason@2x.jpg"; sourceTree = "<group>"; };
		3D4EA74D1D13889200524707 /* eason_icon@2x.jpg */ = {isa = PBXFileReference; lastKnownFileType = image.jpeg; path = "eason_icon@2x.jpg"; sourceTree = "<group>"; };
		3D4EA74E1D13889200524707 /* jay@2x.jpg */ = {isa = PBXFileReference; lastKnownFileType = image.jpeg; path = "jay@2x.jpg"; sourceTree = "<group>"; };
		3D4EA74F1D13889200524707 /* jay_icon@2x.png */ = {isa = PBXFileReference; lastKnownFileType = image.png; path = "jay_icon@2x.png"; sourceTree = "<group>"; };
		3D4EA7501D13889200524707 /* jj@2x.jpg */ = {isa = PBXFileReference; lastKnownFileType = image.jpeg; path = "jj@2x.jpg"; sourceTree = "<group>"; };
		3D4EA7511D13889200524707 /* jj_icon@2x.png */ = {isa = PBXFileReference; lastKnownFileType = image.png; path = "jj_icon@2x.png"; sourceTree = "<group>"; };
		3D4EA7521D13889200524707 /* kzxd@2x.jpg */ = {isa = PBXFileReference; lastKnownFileType = image.jpeg; path = "kzxd@2x.jpg"; sourceTree = "<group>"; };
		3D4EA7531D13889200524707 /* kzxd_icon@2x.jpg */ = {isa = PBXFileReference; lastKnownFileType = image.jpeg; path = "kzxd_icon@2x.jpg"; sourceTree = "<group>"; };
		3D4EA7541D13889200524707 /* lkq@2x.jpg */ = {isa = PBXFileReference; lastKnownFileType = image.jpeg; path = "lkq@2x.jpg"; sourceTree = "<group>"; };
		3D4EA7551D13889200524707 /* lkq_icon@2x.jpg */ = {isa = PBXFileReference; lastKnownFileType = image.jpeg; path = "lkq_icon@2x.jpg"; sourceTree = "<group>"; };
		3D4EA7561D13889200524707 /* nanquan@2x.jpg */ = {isa = PBXFileReference; lastKnownFileType = image.jpeg; path = "nanquan@2x.jpg"; sourceTree = "<group>"; };
		3D4EA7571D13889200524707 /* nanquan_icon@2x.jpg */ = {isa = PBXFileReference; lastKnownFileType = image.jpeg; path = "nanquan_icon@2x.jpg"; sourceTree = "<group>"; };
		3D4EA7581D13889200524707 /* wf@2x.jpg */ = {isa = PBXFileReference; lastKnownFileType = image.jpeg; path = "wf@2x.jpg"; sourceTree = "<group>"; };
		3D4EA7591D13889200524707 /* wf_icon@2x.jpg */ = {isa = PBXFileReference; lastKnownFileType = image.jpeg; path = "wf_icon@2x.jpg"; sourceTree = "<group>"; };
		3D4EA75A1D13889200524707 /* zxy@2x.jpg */ = {isa = PBXFileReference; lastKnownFileType = image.jpeg; path = "zxy@2x.jpg"; sourceTree = "<group>"; };
		3D4EA75B1D13889200524707 /* zxy_icon@2x.jpg */ = {isa = PBXFileReference; lastKnownFileType = image.jpeg; path = "zxy_icon@2x.jpg"; sourceTree = "<group>"; };
		3D4EA75D1D13889200524707 /* 10405520.lrc */ = {isa = PBXFileReference; fileEncoding = 4; lastKnownFileType = text; path = 10405520.lrc; sourceTree = "<group>"; };
		3D4EA75E1D13889200524707 /* 10736444.lrc */ = {isa = PBXFileReference; fileEncoding = 4; lastKnownFileType = text; path = 10736444.lrc; sourceTree = "<group>"; };
		3D4EA75F1D13889200524707 /* 120125029.lrc */ = {isa = PBXFileReference; fileEncoding = 4; lastKnownFileType = text; path = 120125029.lrc; sourceTree = "<group>"; };
		3D4EA7601D13889200524707 /* 12309111.lrc */ = {isa = PBXFileReference; fileEncoding = 4; lastKnownFileType = text; path = 12309111.lrc; sourceTree = "<group>"; };
		3D4EA7611D13889200524707 /* 14945107.lrc */ = {isa = PBXFileReference; fileEncoding = 4; lastKnownFileType = text; path = 14945107.lrc; sourceTree = "<group>"; };
		3D4EA7621D13889200524707 /* 235319.lrc */ = {isa = PBXFileReference; fileEncoding = 4; lastKnownFileType = text; path = 235319.lrc; sourceTree = "<group>"; };
		3D4EA7631D13889200524707 /* 255319.lrc */ = {isa = PBXFileReference; fileEncoding = 4; lastKnownFileType = text; path = 255319.lrc; sourceTree = "<group>"; };
		3D4EA7641D13889200524707 /* 309769.lrc */ = {isa = PBXFileReference; fileEncoding = 4; lastKnownFileType = text; path = 309769.lrc; sourceTree = "<group>"; };
		3D4EA7651D13889200524707 /* 339744.lrc */ = {isa = PBXFileReference; fileEncoding = 4; lastKnownFileType = text; path = 339744.lrc; sourceTree = "<group>"; };
		3D4EA7661D13889200524707 /* 月半小夜曲.lrc */ = {isa = PBXFileReference; fileEncoding = 4; lastKnownFileType = text; path = "月半小夜曲.lrc"; sourceTree = "<group>"; };
		3D4EA7681D13889200524707 /* 10405520.mp3 */ = {isa = PBXFileReference; lastKnownFileType = audio.mp3; path = 10405520.mp3; sourceTree = "<group>"; };
		3D4EA7691D13889200524707 /* 10736444.mp3 */ = {isa = PBXFileReference; lastKnownFileType = audio.mp3; path = 10736444.mp3; sourceTree = "<group>"; };
		3D4EA76A1D13889200524707 /* 1201111234.mp3 */ = {isa = PBXFileReference; lastKnownFileType = audio.mp3; path = 1201111234.mp3; sourceTree = "<group>"; };
		3D4EA76B1D13889200524707 /* 120125029.mp3 */ = {isa = PBXFileReference; lastKnownFileType = audio.mp3; path = 120125029.mp3; sourceTree = "<group>"; };
		3D4EA76C1D13889200524707 /* 12309111.mp3 */ = {isa = PBXFileReference; lastKnownFileType = audio.mp3; path = 12309111.mp3; sourceTree = "<group>"; };
		3D4EA76D1D13889200524707 /* 14945107.mp3 */ = {isa = PBXFileReference; lastKnownFileType = audio.mp3; path = 14945107.mp3; sourceTree = "<group>"; };
		3D4EA76E1D13889200524707 /* 235319.mp3 */ = {isa = PBXFileReference; lastKnownFileType = audio.mp3; path = 235319.mp3; sourceTree = "<group>"; };
		3D4EA76F1D13889200524707 /* 255319.mp3 */ = {isa = PBXFileReference; lastKnownFileType = audio.mp3; path = 255319.mp3; sourceTree = "<group>"; };
		3D4EA7701D13889200524707 /* 309769.mp3 */ = {isa = PBXFileReference; lastKnownFileType = audio.mp3; path = 309769.mp3; sourceTree = "<group>"; };
		3D4EA7711D13889200524707 /* 339744.mp3 */ = {isa = PBXFileReference; lastKnownFileType = audio.mp3; path = 339744.mp3; sourceTree = "<group>"; };
		3D4EA7721D13889200524707 /* Musics.plist */ = {isa = PBXFileReference; fileEncoding = 4; lastKnownFileType = text.plist.xml; path = Musics.plist; sourceTree = "<group>"; };
		3D69A74C1D096CEB000FA4D0 /* AppDelegate.swift */ = {isa = PBXFileReference; fileEncoding = 4; lastKnownFileType = sourcecode.swift; path = AppDelegate.swift; sourceTree = "<group>"; };
		3D69A74D1D096CEB000FA4D0 /* Info.plist */ = {isa = PBXFileReference; fileEncoding = 4; lastKnownFileType = text.plist.xml; path = Info.plist; sourceTree = "<group>"; };
		3D69A75A1D096D9F000FA4D0 /* QQDeatilVC.swift */ = {isa = PBXFileReference; fileEncoding = 4; lastKnownFileType = sourcecode.swift; path = QQDeatilVC.swift; sourceTree = "<group>"; };
		3D69A75C1D096DDC000FA4D0 /* QQMusicListTVC.swift */ = {isa = PBXFileReference; fileEncoding = 4; lastKnownFileType = sourcecode.swift; path = QQMusicListTVC.swift; sourceTree = "<group>"; };
		3D69A7B71D096F91000FA4D0 /* QQMusicDataTool.swift */ = {isa = PBXFileReference; fileEncoding = 4; lastKnownFileType = sourcecode.swift; path = QQMusicDataTool.swift; sourceTree = "<group>"; };
		3D69A7BA1D096FCE000FA4D0 /* QQMusicModel.swift */ = {isa = PBXFileReference; fileEncoding = 4; lastKnownFileType = sourcecode.swift; path = QQMusicModel.swift; sourceTree = "<group>"; };
		3D69A7BC1D097308000FA4D0 /* QQMusicCell.swift */ = {isa = PBXFileReference; fileEncoding = 4; lastKnownFileType = sourcecode.swift; path = QQMusicCell.swift; sourceTree = "<group>"; };
		3D69A7BD1D097308000FA4D0 /* QQMusicCell.xib */ = {isa = PBXFileReference; fileEncoding = 4; lastKnownFileType = file.xib; path = QQMusicCell.xib; sourceTree = "<group>"; };
		3D69A7C01D097412000FA4D0 /* UIView+Extension.swift */ = {isa = PBXFileReference; fileEncoding = 4; lastKnownFileType = sourcecode.swift; path = "UIView+Extension.swift"; sourceTree = "<group>"; };
		3D69A7C21D097B30000FA4D0 /* QQMusicTool.swift */ = {isa = PBXFileReference; fileEncoding = 4; lastKnownFileType = sourcecode.swift; path = QQMusicTool.swift; sourceTree = "<group>"; };
		3D69A7C41D097C13000FA4D0 /* QQMusicOperationTool.swift */ = {isa = PBXFileReference; fileEncoding = 4; lastKnownFileType = sourcecode.swift; path = QQMusicOperationTool.swift; sourceTree = "<group>"; };
		3D69A7C61D09A473000FA4D0 /* QQMusicMessageModel.swift */ = {isa = PBXFileReference; fileEncoding = 4; lastKnownFileType = sourcecode.swift; path = QQMusicMessageModel.swift; sourceTree = "<group>"; };
		3D69A7C81D09A4A8000FA4D0 /* QQTimeTool.swift */ = {isa = PBXFileReference; fileEncoding = 4; lastKnownFileType = sourcecode.swift; path = QQTimeTool.swift; sourceTree = "<group>"; };
		3D69A7CA1D09AE0F000FA4D0 /* CALayer+sz.swift */ = {isa = PBXFileReference; fileEncoding = 4; lastKnownFileType = sourcecode.swift; path = "CALayer+sz.swift"; sourceTree = "<group>"; };
		3D69A7CC1D09AF41000FA4D0 /* QQLrcModel.swift */ = {isa = PBXFileReference; fileEncoding = 4; lastKnownFileType = sourcecode.swift; path = QQLrcModel.swift; sourceTree = "<group>"; };
		3D69A7CE1D09B228000FA4D0 /* QQLrcTVC.swift */ = {isa = PBXFileReference; fileEncoding = 4; lastKnownFileType = sourcecode.swift; path = QQLrcTVC.swift; sourceTree = "<group>"; };
		3D69A7D01D09BF7F000FA4D0 /* QQLrcLabel.swift */ = {isa = PBXFileReference; fileEncoding = 4; lastKnownFileType = sourcecode.swift; path = QQLrcLabel.swift; sourceTree = "<group>"; };
		3DA0C3761D06DFB500585BFA /* QQMusic.app */ = {isa = PBXFileReference; explicitFileType = wrapper.application; includeInIndex = 0; path = QQMusic.app; sourceTree = BUILT_PRODUCTS_DIR; };
		3DA0C37E1D06DFB500585BFA /* Base */ = {isa = PBXFileReference; lastKnownFileType = file.storyboard; name = Base; path = Base.lproj/Main.storyboard; sourceTree = "<group>"; };
		3DA0C3801D06DFB500585BFA /* Assets.xcassets */ = {isa = PBXFileReference; lastKnownFileType = folder.assetcatalog; path = Assets.xcassets; sourceTree = "<group>"; };
		3DA0C3831D06DFB500585BFA /* Base */ = {isa = PBXFileReference; lastKnownFileType = file.storyboard; name = Base; path = Base.lproj/LaunchScreen.storyboard; sourceTree = "<group>"; };
/* End PBXFileReference section */

/* Begin PBXFrameworksBuildPhase section */
		3DA0C3731D06DFB500585BFA /* Frameworks */ = {
			isa = PBXFrameworksBuildPhase;
			buildActionMask = 2147483647;
			files = (
			);
			runOnlyForDeploymentPostprocessing = 0;
		};
/* End PBXFrameworksBuildPhase section */

/* Begin PBXGroup section */
		3D4EA7461D13889200524707 /* QQResources */ = {
			isa = PBXGroup;
			children = (
				3D4EA7471D13889200524707 /* Images */,
				3D4EA75C1D13889200524707 /* Lrcs */,
				3D4EA7671D13889200524707 /* MP3s */,
				3D4EA7721D13889200524707 /* Musics.plist */,
			);
			path = QQResources;
			sourceTree = "<group>";
		};
		3D4EA7471D13889200524707 /* Images */ = {
			isa = PBXGroup;
			children = (
				3D4EA7481D13889200524707 /* bb@2x.jpg */,
				3D4EA7491D13889200524707 /* bb_icon@2x.jpg */,
				3D4EA74A1D13889200524707 /* dzq@2x.jpg */,
				3D4EA74B1D13889200524707 /* dzq_icon@2x.jpg */,
				3D4EA74C1D13889200524707 /* eason@2x.jpg */,
				3D4EA74D1D13889200524707 /* eason_icon@2x.jpg */,
				3D4EA74E1D13889200524707 /* jay@2x.jpg */,
				3D4EA74F1D13889200524707 /* jay_icon@2x.png */,
				3D4EA7501D13889200524707 /* jj@2x.jpg */,
				3D4EA7511D13889200524707 /* jj_icon@2x.png */,
				3D4EA7521D13889200524707 /* kzxd@2x.jpg */,
				3D4EA7531D13889200524707 /* kzxd_icon@2x.jpg */,
				3D4EA7541D13889200524707 /* lkq@2x.jpg */,
				3D4EA7551D13889200524707 /* lkq_icon@2x.jpg */,
				3D4EA7561D13889200524707 /* nanquan@2x.jpg */,
				3D4EA7571D13889200524707 /* nanquan_icon@2x.jpg */,
				3D4EA7581D13889200524707 /* wf@2x.jpg */,
				3D4EA7591D13889200524707 /* wf_icon@2x.jpg */,
				3D4EA75A1D13889200524707 /* zxy@2x.jpg */,
				3D4EA75B1D13889200524707 /* zxy_icon@2x.jpg */,
			);
			path = Images;
			sourceTree = "<group>";
		};
		3D4EA75C1D13889200524707 /* Lrcs */ = {
			isa = PBXGroup;
			children = (
				3D4EA75D1D13889200524707 /* 10405520.lrc */,
				3D4EA75E1D13889200524707 /* 10736444.lrc */,
				3D4EA75F1D13889200524707 /* 120125029.lrc */,
				3D4EA7601D13889200524707 /* 12309111.lrc */,
				3D4EA7611D13889200524707 /* 14945107.lrc */,
				3D4EA7621D13889200524707 /* 235319.lrc */,
				3D4EA7631D13889200524707 /* 255319.lrc */,
				3D4EA7641D13889200524707 /* 309769.lrc */,
				3D4EA7651D13889200524707 /* 339744.lrc */,
				3D4EA7661D13889200524707 /* 月半小夜曲.lrc */,
			);
			path = Lrcs;
			sourceTree = "<group>";
		};
		3D4EA7671D13889200524707 /* MP3s */ = {
			isa = PBXGroup;
			children = (
				3D4EA7681D13889200524707 /* 10405520.mp3 */,
				3D4EA7691D13889200524707 /* 10736444.mp3 */,
				3D4EA76A1D13889200524707 /* 1201111234.mp3 */,
				3D4EA76B1D13889200524707 /* 120125029.mp3 */,
				3D4EA76C1D13889200524707 /* 12309111.mp3 */,
				3D4EA76D1D13889200524707 /* 14945107.mp3 */,
				3D4EA76E1D13889200524707 /* 235319.mp3 */,
				3D4EA76F1D13889200524707 /* 255319.mp3 */,
				3D4EA7701D13889200524707 /* 309769.mp3 */,
				3D4EA7711D13889200524707 /* 339744.mp3 */,
			);
			path = MP3s;
			sourceTree = "<group>";
		};
		3D69A7471D096CEB000FA4D0 /* Classes */ = {
			isa = PBXGroup;
			children = (
				3D69A74F1D096CEB000FA4D0 /* QQDetail */,
				3D69A7531D096CEB000FA4D0 /* QQMusicList */,
				3D69A7481D096CEB000FA4D0 /* Other */,
			);
			path = Classes;
			sourceTree = "<group>";
		};
		3D69A7481D096CEB000FA4D0 /* Other */ = {
			isa = PBXGroup;
			children = (
				3D69A7B61D096F7F000FA4D0 /* DataTool */,
				3D69A7491D096CEB000FA4D0 /* Category */,
				3D69A74A1D096CEB000FA4D0 /* Lib */,
				3D69A74B1D096CEB000FA4D0 /* System */,
				3D69A74E1D096CEB000FA4D0 /* Tool */,
			);
			path = Other;
			sourceTree = "<group>";
		};
		3D69A7491D096CEB000FA4D0 /* Category */ = {
			isa = PBXGroup;
			children = (
				3D69A7C01D097412000FA4D0 /* UIView+Extension.swift */,
				3D69A7CA1D09AE0F000FA4D0 /* CALayer+sz.swift */,
			);
			path = Category;
			sourceTree = "<group>";
		};
		3D69A74A1D096CEB000FA4D0 /* Lib */ = {
			isa = PBXGroup;
			children = (
			);
			path = Lib;
			sourceTree = "<group>";
		};
		3D69A74B1D096CEB000FA4D0 /* System */ = {
			isa = PBXGroup;
			children = (
				3D69A74C1D096CEB000FA4D0 /* AppDelegate.swift */,
				3D69A74D1D096CEB000FA4D0 /* Info.plist */,
			);
			path = System;
			sourceTree = "<group>";
		};
		3D69A74E1D096CEB000FA4D0 /* Tool */ = {
			isa = PBXGroup;
			children = (
				3D69A7C21D097B30000FA4D0 /* QQMusicTool.swift */,
				3D69A7C41D097C13000FA4D0 /* QQMusicOperationTool.swift */,
				3D69A7C81D09A4A8000FA4D0 /* QQTimeTool.swift */,
				3D37F8E51D0ADEAF009E18A9 /* QQImageTool.swift */,
			);
			path = Tool;
			sourceTree = "<group>";
		};
		3D69A74F1D096CEB000FA4D0 /* QQDetail */ = {
			isa = PBXGroup;
			children = (
				3D69A7501D096CEB000FA4D0 /* Controller */,
				3D69A7511D096CEB000FA4D0 /* Model */,
				3D69A7521D096CEB000FA4D0 /* View */,
			);
			path = QQDetail;
			sourceTree = "<group>";
		};
		3D69A7501D096CEB000FA4D0 /* Controller */ = {
			isa = PBXGroup;
			children = (
				3D69A75A1D096D9F000FA4D0 /* QQDeatilVC.swift */,
				3D69A7CE1D09B228000FA4D0 /* QQLrcTVC.swift */,
			);
			path = Controller;
			sourceTree = "<group>";
		};
		3D69A7511D096CEB000FA4D0 /* Model */ = {
			isa = PBXGroup;
			children = (
			);
			path = Model;
			sourceTree = "<group>";
		};
		3D69A7521D096CEB000FA4D0 /* View */ = {
			isa = PBXGroup;
			children = (
				3D69A7D01D09BF7F000FA4D0 /* QQLrcLabel.swift */,
				3D37F8E11D0AD417009E18A9 /* QQLrcCell.swift */,
				3D37F8E21D0AD417009E18A9 /* QQLrcCell.xib */,
			);
			path = View;
			sourceTree = "<group>";
		};
		3D69A7531D096CEB000FA4D0 /* QQMusicList */ = {
			isa = PBXGroup;
			children = (
				3D69A7541D096CEB000FA4D0 /* Controller */,
				3D69A7551D096CEB000FA4D0 /* Model */,
				3D69A7561D096CEB000FA4D0 /* View */,
			);
			path = QQMusicList;
			sourceTree = "<group>";
		};
		3D69A7541D096CEB000FA4D0 /* Controller */ = {
			isa = PBXGroup;
			children = (
				3D69A75C1D096DDC000FA4D0 /* QQMusicListTVC.swift */,
			);
			path = Controller;
			sourceTree = "<group>";
		};
		3D69A7551D096CEB000FA4D0 /* Model */ = {
			isa = PBXGroup;
			children = (
			);
			path = Model;
			sourceTree = "<group>";
		};
		3D69A7561D096CEB000FA4D0 /* View */ = {
			isa = PBXGroup;
			children = (
				3D69A7BC1D097308000FA4D0 /* QQMusicCell.swift */,
				3D69A7BD1D097308000FA4D0 /* QQMusicCell.xib */,
			);
			path = View;
			sourceTree = "<group>";
		};
		3D69A75F1D096F48000FA4D0 /* Resource */ = {
			isa = PBXGroup;
			children = (
				3D4EA7461D13889200524707 /* QQResources */,
				3DA0C37D1D06DFB500585BFA /* Main.storyboard */,
				3DA0C3801D06DFB500585BFA /* Assets.xcassets */,
				3DA0C3821D06DFB500585BFA /* LaunchScreen.storyboard */,
			);
			name = Resource;
			sourceTree = "<group>";
		};
		3D69A7B61D096F7F000FA4D0 /* DataTool */ = {
			isa = PBXGroup;
			children = (
				3D69A7B91D096FBB000FA4D0 /* Model */,
				3D69A7B71D096F91000FA4D0 /* QQMusicDataTool.swift */,
			);
			path = DataTool;
			sourceTree = "<group>";
		};
		3D69A7B91D096FBB000FA4D0 /* Model */ = {
			isa = PBXGroup;
			children = (
				3D69A7BA1D096FCE000FA4D0 /* QQMusicModel.swift */,
				3D69A7C61D09A473000FA4D0 /* QQMusicMessageModel.swift */,
				3D69A7CC1D09AF41000FA4D0 /* QQLrcModel.swift */,
			);
			path = Model;
			sourceTree = "<group>";
		};
		3DA0C36D1D06DFB500585BFA = {
			isa = PBXGroup;
			children = (
				3DA0C3781D06DFB500585BFA /* QQMusic */,
				3DA0C3771D06DFB500585BFA /* Products */,
			);
			sourceTree = "<group>";
		};
		3DA0C3771D06DFB500585BFA /* Products */ = {
			isa = PBXGroup;
			children = (
				3DA0C3761D06DFB500585BFA /* QQMusic.app */,
			);
			name = Products;
			sourceTree = "<group>";
		};
		3DA0C3781D06DFB500585BFA /* QQMusic */ = {
			isa = PBXGroup;
			children = (
				3D69A75F1D096F48000FA4D0 /* Resource */,
				3D69A7471D096CEB000FA4D0 /* Classes */,
			);
			path = QQMusic;
			sourceTree = "<group>";
		};
/* End PBXGroup section */

/* Begin PBXNativeTarget section */
		3DA0C3751D06DFB500585BFA /* QQMusic */ = {
			isa = PBXNativeTarget;
			buildConfigurationList = 3DA0C3881D06DFB500585BFA /* Build configuration list for PBXNativeTarget "QQMusic" */;
			buildPhases = (
				3DA0C3721D06DFB500585BFA /* Sources */,
				3DA0C3731D06DFB500585BFA /* Frameworks */,
				3DA0C3741D06DFB500585BFA /* Resources */,
			);
			buildRules = (
			);
			dependencies = (
			);
			name = QQMusic;
			productName = QQMusic;
			productReference = 3DA0C3761D06DFB500585BFA /* QQMusic.app */;
			productType = "com.apple.product-type.application";
		};
/* End PBXNativeTarget section */

/* Begin PBXProject section */
		3DA0C36E1D06DFB500585BFA /* Project object */ = {
			isa = PBXProject;
			attributes = {
				LastSwiftUpdateCheck = 0730;
				LastUpgradeCheck = 0730;
				ORGANIZATIONNAME = William;
				TargetAttributes = {
					3DA0C3751D06DFB500585BFA = {
						CreatedOnToolsVersion = 7.3.1;
						DevelopmentTeam = 6J5JAT798T;
						SystemCapabilities = {
							com.apple.BackgroundModes = {
								enabled = 1;
							};
						};
					};
				};
			};
			buildConfigurationList = 3DA0C3711D06DFB500585BFA /* Build configuration list for PBXProject "QQMusic" */;
			compatibilityVersion = "Xcode 3.2";
			developmentRegion = English;
			hasScannedForEncodings = 0;
			knownRegions = (
				en,
				Base,
			);
			mainGroup = 3DA0C36D1D06DFB500585BFA;
			productRefGroup = 3DA0C3771D06DFB500585BFA /* Products */;
			projectDirPath = "";
			projectRoot = "";
			targets = (
				3DA0C3751D06DFB500585BFA /* QQMusic */,
			);
		};
/* End PBXProject section */

/* Begin PBXResourcesBuildPhase section */
		3DA0C3741D06DFB500585BFA /* Resources */ = {
			isa = PBXResourcesBuildPhase;
			buildActionMask = 2147483647;
			files = (
				3D4EA7921D13889200524707 /* 10736444.mp3 in Resources */,
				3D4EA78E1D13889200524707 /* 309769.lrc in Resources */,
				3D4EA79A1D13889200524707 /* 339744.mp3 in Resources */,
				3D4EA7781D13889200524707 /* eason_icon@2x.jpg in Resources */,
				3D4EA7881D13889200524707 /* 10736444.lrc in Resources */,
				3D4EA7951D13889200524707 /* 12309111.mp3 in Resources */,
				3D4EA77F1D13889200524707 /* lkq@2x.jpg in Resources */,
				3D4EA7821D13889200524707 /* nanquan_icon@2x.jpg in Resources */,
				3D4EA7801D13889200524707 /* lkq_icon@2x.jpg in Resources */,
				3D4EA7731D13889200524707 /* bb@2x.jpg in Resources */,
				3D4EA7931D13889200524707 /* 1201111234.mp3 in Resources */,
				3D4EA7911D13889200524707 /* 10405520.mp3 in Resources */,
				3D4EA79B1D13889200524707 /* Musics.plist in Resources */,
				3D69A7BF1D097308000FA4D0 /* QQMusicCell.xib in Resources */,
				3D4EA7751D13889200524707 /* dzq@2x.jpg in Resources */,
				3D4EA77C1D13889200524707 /* jj_icon@2x.png in Resources */,
				3D4EA7901D13889200524707 /* 月半小夜曲.lrc in Resources */,
				3D4EA7971D13889200524707 /* 235319.mp3 in Resources */,
				3D4EA7861D13889200524707 /* zxy_icon@2x.jpg in Resources */,
				3D4EA77D1D13889200524707 /* kzxd@2x.jpg in Resources */,
				3D4EA7831D13889200524707 /* wf@2x.jpg in Resources */,
				3D4EA78F1D13889200524707 /* 339744.lrc in Resources */,
				3D4EA77A1D13889200524707 /* jay_icon@2x.png in Resources */,
				3DA0C3841D06DFB500585BFA /* LaunchScreen.storyboard in Resources */,
				3D4EA7961D13889200524707 /* 14945107.mp3 in Resources */,
				3D4EA78B1D13889200524707 /* 14945107.lrc in Resources */,
				3D4EA7891D13889200524707 /* 120125029.lrc in Resources */,
				3D4EA77E1D13889200524707 /* kzxd_icon@2x.jpg in Resources */,
				3D4EA7761D13889200524707 /* dzq_icon@2x.jpg in Resources */,
				3D4EA78D1D13889200524707 /* 255319.lrc in Resources */,
				3D4EA7851D13889200524707 /* zxy@2x.jpg in Resources */,
				3D4EA7741D13889200524707 /* bb_icon@2x.jpg in Resources */,
				3D4EA7991D13889200524707 /* 309769.mp3 in Resources */,
				3D4EA7941D13889200524707 /* 120125029.mp3 in Resources */,
				3D4EA7811D13889200524707 /* nanquan@2x.jpg in Resources */,
				3D4EA77B1D13889200524707 /* jj@2x.jpg in Resources */,
				3D4EA7791D13889200524707 /* jay@2x.jpg in Resources */,
				3D37F8E41D0AD417009E18A9 /* QQLrcCell.xib in Resources */,
				3D4EA78A1D13889200524707 /* 12309111.lrc in Resources */,
				3D4EA78C1D13889200524707 /* 235319.lrc in Resources */,
				3D4EA7841D13889200524707 /* wf_icon@2x.jpg in Resources */,
				3DA0C3811D06DFB500585BFA /* Assets.xcassets in Resources */,
				3D4EA7981D13889200524707 /* 255319.mp3 in Resources */,
				3DA0C37F1D06DFB500585BFA /* Main.storyboard in Resources */,
				3D4EA7871D13889200524707 /* 10405520.lrc in Resources */,
				3D4EA7771D13889200524707 /* eason@2x.jpg in Resources */,
			);
			runOnlyForDeploymentPostprocessing = 0;
		};
/* End PBXResourcesBuildPhase section */

/* Begin PBXSourcesBuildPhase section */
		3DA0C3721D06DFB500585BFA /* Sources */ = {
			isa = PBXSourcesBuildPhase;
			buildActionMask = 2147483647;
			files = (
				3D69A7571D096CEB000FA4D0 /* AppDelegate.swift in Sources */,
				3D69A7C51D097C13000FA4D0 /* QQMusicOperationTool.swift in Sources */,
				3D69A7C11D097412000FA4D0 /* UIView+Extension.swift in Sources */,
				3D69A75D1D096DDC000FA4D0 /* QQMusicListTVC.swift in Sources */,
				3D69A7D11D09BF7F000FA4D0 /* QQLrcLabel.swift in Sources */,
				3D69A75B1D096D9F000FA4D0 /* QQDeatilVC.swift in Sources */,
				3D69A7BE1D097308000FA4D0 /* QQMusicCell.swift in Sources */,
				3D37F8E61D0ADEAF009E18A9 /* QQImageTool.swift in Sources */,
				3D69A7C31D097B30000FA4D0 /* QQMusicTool.swift in Sources */,
				3D69A7C91D09A4A8000FA4D0 /* QQTimeTool.swift in Sources */,
				3D69A7CD1D09AF41000FA4D0 /* QQLrcModel.swift in Sources */,
				3D69A7CF1D09B228000FA4D0 /* QQLrcTVC.swift in Sources */,
				3D69A7CB1D09AE0F000FA4D0 /* CALayer+sz.swift in Sources */,
				3D69A7B81D096F91000FA4D0 /* QQMusicDataTool.swift in Sources */,
				3D37F8E31D0AD417009E18A9 /* QQLrcCell.swift in Sources */,
				3D69A7BB1D096FCE000FA4D0 /* QQMusicModel.swift in Sources */,
				3D69A7C71D09A473000FA4D0 /* QQMusicMessageModel.swift in Sources */,
			);
			runOnlyForDeploymentPostprocessing = 0;
		};
/* End PBXSourcesBuildPhase section */

/* Begin PBXVariantGroup section */
		3DA0C37D1D06DFB500585BFA /* Main.storyboard */ = {
			isa = PBXVariantGroup;
			children = (
				3DA0C37E1D06DFB500585BFA /* Base */,
			);
			name = Main.storyboard;
			sourceTree = "<group>";
		};
		3DA0C3821D06DFB500585BFA /* LaunchScreen.storyboard */ = {
			isa = PBXVariantGroup;
			children = (
				3DA0C3831D06DFB500585BFA /* Base */,
			);
			name = LaunchScreen.storyboard;
			sourceTree = "<group>";
		};
/* End PBXVariantGroup section */

/* Begin XCBuildConfiguration section */
		3DA0C3861D06DFB500585BFA /* Debug */ = {
			isa = XCBuildConfiguration;
			buildSettings = {
				ALWAYS_SEARCH_USER_PATHS = NO;
				CLANG_ANALYZER_NONNULL = YES;
				CLANG_CXX_LANGUAGE_STANDARD = "gnu++0x";
				CLANG_CXX_LIBRARY = "libc++";
				CLANG_ENABLE_MODULES = YES;
				CLANG_ENABLE_OBJC_ARC = YES;
				CLANG_WARN_BOOL_CONVERSION = YES;
				CLANG_WARN_CONSTANT_CONVERSION = YES;
				CLANG_WARN_DIRECT_OBJC_ISA_USAGE = YES_ERROR;
				CLANG_WARN_EMPTY_BODY = YES;
				CLANG_WARN_ENUM_CONVERSION = YES;
				CLANG_WARN_INT_CONVERSION = YES;
				CLANG_WARN_OBJC_ROOT_CLASS = YES_ERROR;
				CLANG_WARN_UNREACHABLE_CODE = YES;
				CLANG_WARN__DUPLICATE_METHOD_MATCH = YES;
				"CODE_SIGN_IDENTITY[sdk=iphoneos*]" = "iPhone Developer";
				COPY_PHASE_STRIP = NO;
				DEBUG_INFORMATION_FORMAT = dwarf;
				ENABLE_STRICT_OBJC_MSGSEND = YES;
				ENABLE_TESTABILITY = YES;
				GCC_C_LANGUAGE_STANDARD = gnu99;
				GCC_DYNAMIC_NO_PIC = NO;
				GCC_NO_COMMON_BLOCKS = YES;
				GCC_OPTIMIZATION_LEVEL = 0;
				GCC_PREPROCESSOR_DEFINITIONS = (
					"DEBUG=1",
					"$(inherited)",
				);
				GCC_WARN_64_TO_32_BIT_CONVERSION = YES;
				GCC_WARN_ABOUT_RETURN_TYPE = YES_ERROR;
				GCC_WARN_UNDECLARED_SELECTOR = YES;
				GCC_WARN_UNINITIALIZED_AUTOS = YES_AGGRESSIVE;
				GCC_WARN_UNUSED_FUNCTION = YES;
				GCC_WARN_UNUSED_VARIABLE = YES;
				IPHONEOS_DEPLOYMENT_TARGET = 8.0;
				MTL_ENABLE_DEBUG_INFO = YES;
				ONLY_ACTIVE_ARCH = YES;
				SDKROOT = iphoneos;
				SWIFT_OPTIMIZATION_LEVEL = "-Onone";
			};
			name = Debug;
		};
		3DA0C3871D06DFB500585BFA /* Release */ = {
			isa = XCBuildConfiguration;
			buildSettings = {
				ALWAYS_SEARCH_USER_PATHS = NO;
				CLANG_ANALYZER_NONNULL = YES;
				CLANG_CXX_LANGUAGE_STANDARD = "gnu++0x";
				CLANG_CXX_LIBRARY = "libc++";
				CLANG_ENABLE_MODULES = YES;
				CLANG_ENABLE_OBJC_ARC = YES;
				CLANG_WARN_BOOL_CONVERSION = YES;
				CLANG_WARN_CONSTANT_CONVERSION = YES;
				CLANG_WARN_DIRECT_OBJC_ISA_USAGE = YES_ERROR;
				CLANG_WARN_EMPTY_BODY = YES;
				CLANG_WARN_ENUM_CONVERSION = YES;
				CLANG_WARN_INT_CONVERSION = YES;
				CLANG_WARN_OBJC_ROOT_CLASS = YES_ERROR;
				CLANG_WARN_UNREACHABLE_CODE = YES;
				CLANG_WARN__DUPLICATE_METHOD_MATCH = YES;
				"CODE_SIGN_IDENTITY[sdk=iphoneos*]" = "iPhone Developer";
				COPY_PHASE_STRIP = NO;
				DEBUG_INFORMATION_FORMAT = "dwarf-with-dsym";
				ENABLE_NS_ASSERTIONS = NO;
				ENABLE_STRICT_OBJC_MSGSEND = YES;
				GCC_C_LANGUAGE_STANDARD = gnu99;
				GCC_NO_COMMON_BLOCKS = YES;
				GCC_WARN_64_TO_32_BIT_CONVERSION = YES;
				GCC_WARN_ABOUT_RETURN_TYPE = YES_ERROR;
				GCC_WARN_UNDECLARED_SELECTOR = YES;
				GCC_WARN_UNINITIALIZED_AUTOS = YES_AGGRESSIVE;
				GCC_WARN_UNUSED_FUNCTION = YES;
				GCC_WARN_UNUSED_VARIABLE = YES;
				IPHONEOS_DEPLOYMENT_TARGET = 8.0;
				MTL_ENABLE_DEBUG_INFO = NO;
				SDKROOT = iphoneos;
				VALIDATE_PRODUCT = YES;
			};
			name = Release;
		};
		3DA0C3891D06DFB500585BFA /* Debug */ = {
			isa = XCBuildConfiguration;
			buildSettings = {
				ASSETCATALOG_COMPILER_APPICON_NAME = AppIcon;
				ASSETCATALOG_COMPILER_LAUNCHIMAGE_NAME = "Brand Assets";
				INFOPLIST_FILE = "$(SRCROOT)/QQMusic/Classes/Other/System/Info.plist";
				LD_RUNPATH_SEARCH_PATHS = "$(inherited) @executable_path/Frameworks";
				PRODUCT_BUNDLE_IDENTIFIER = com.stj.QQMusic;
				PRODUCT_NAME = "$(TARGET_NAME)";
			};
			name = Debug;
		};
		3DA0C38A1D06DFB500585BFA /* Release */ = {
			isa = XCBuildConfiguration;
			buildSettings = {
				ASSETCATALOG_COMPILER_APPICON_NAME = AppIcon;
				ASSETCATALOG_COMPILER_LAUNCHIMAGE_NAME = "Brand Assets";
				INFOPLIST_FILE = "$(SRCROOT)/QQMusic/Classes/Other/System/Info.plist";
				LD_RUNPATH_SEARCH_PATHS = "$(inherited) @executable_path/Frameworks";
				PRODUCT_BUNDLE_IDENTIFIER = com.stj.QQMusic;
				PRODUCT_NAME = "$(TARGET_NAME)";
			};
			name = Release;
		};
/* End XCBuildConfiguration section */

/* Begin XCConfigurationList section */
		3DA0C3711D06DFB500585BFA /* Build configuration list for PBXProject "QQMusic" */ = {
			isa = XCConfigurationList;
			buildConfigurations = (
				3DA0C3861D06DFB500585BFA /* Debug */,
				3DA0C3871D06DFB500585BFA /* Release */,
			);
			defaultConfigurationIsVisible = 0;
			defaultConfigurationName = Release;
		};
		3DA0C3881D06DFB500585BFA /* Build configuration list for PBXNativeTarget "QQMusic" */ = {
			isa = XCConfigurationList;
			buildConfigurations = (
				3DA0C3891D06DFB500585BFA /* Debug */,
				3DA0C38A1D06DFB500585BFA /* Release */,
			);
			defaultConfigurationIsVisible = 0;
			defaultConfigurationName = Release;
		};
/* End XCConfigurationList section */
	};
	rootObject = 3DA0C36E1D06DFB500585BFA /* Project object */;
}
